
Microsoft Visual Studio Solution File, Format Version 12.00
# Visual Studio 15
VisualStudioVersion = 15.0.28307.539
MinimumVisualStudioVersion = 10.0.40219.1
Project("{FAE04EC0-301F-11D3-BF4B-00C04F79EFBC}") = "BookXamarin.Android", "BookXamarin\BookXamarin.Android\BookXamarin.Android.csproj", "{FBAE1003-D1A8-40E1-BA99-C9978D4BF568}"
EndProject
Project("{FAE04EC0-301F-11D3-BF4B-00C04F79EFBC}") = "BookXamarin.iOS", "BookXamarin\BookXamarin.iOS\BookXamarin.iOS.csproj", "{5B43CB35-0EB4-469B-B6C1-6CEA4D1EDE6F}"
EndProject
Project("{FAE04EC0-301F-11D3-BF4B-00C04F79EFBC}") = "BookXamarin", "BookXamarin\BookXamarin\BookXamarin.csproj", "{FE10BCEF-EDAD-4095-A14F-54F65BDD56CE}"
EndProject
Global
	GlobalSection(SolutionConfigurationPlatforms) = preSolution
		Ad-Hoc|Any CPU = Ad-Hoc|Any CPU
		Ad-Hoc|iPhone = Ad-Hoc|iPhone
		Ad-Hoc|iPhoneSimulator = Ad-Hoc|iPhoneSimulator
		AppStore|Any CPU = AppStore|Any CPU
		AppStore|iPhone = AppStore|iPhone
		AppStore|iPhoneSimulator = AppStore|iPhoneSimulator
		Debug|Any CPU = Debug|Any CPU
		Debug|iPhone = Debug|iPhone
		Debug|iPhoneSimulator = Debug|iPhoneSimulator
		Release|Any CPU = Release|Any CPU
		Release|iPhone = Release|iPhone
		Release|iPhoneSimulator = Release|iPhoneSimulator
	EndGlobalSection
	GlobalSection(ProjectConfigurationPlatforms) = postSolution
		{FBAE1003-D1A8-40E1-BA99-C9978D4BF568}.Ad-Hoc|Any CPU.ActiveCfg = Release|Any CPU
		{FBAE1003-D1A8-40E1-BA99-C9978D4BF568}.Ad-Hoc|Any CPU.Build.0 = Release|Any CPU
		{FBAE1003-D1A8-40E1-BA99-C9978D4BF568}.Ad-Hoc|Any CPU.Deploy.0 = Release|Any CPU
		{FBAE1003-D1A8-40E1-BA99-C9978D4BF568}.Ad-Hoc|iPhone.ActiveCfg = Release|Any CPU
		{FBAE1003-D1A8-40E1-BA99-C9978D4BF568}.Ad-Hoc|iPhone.Build.0 = Release|Any CPU
		{FBAE1003-D1A8-40E1-BA99-C9978D4BF568}.Ad-Hoc|iPhone.Deploy.0 = Release|Any CPU
		{FBAE1003-D1A8-40E1-BA99-C9978D4BF568}.Ad-Hoc|iPhoneSimulator.ActiveCfg = Release|Any CPU
		{FBAE1003-D1A8-40E1-BA99-C9978D4BF568}.Ad-Hoc|iPhoneSimulator.Build.0 = Release|Any CPU
		{FBAE1003-D1A8-40E1-BA99-C9978D4BF568}.Ad-Hoc|iPhoneSimulator.Deploy.0 = Release|Any CPU
		{FBAE1003-D1A8-40E1-BA99-C9978D4BF568}.AppStore|Any CPU.ActiveCfg = Release|Any CPU
		{FBAE1003-D1A8-40E1-BA99-C9978D4BF568}.AppStore|Any CPU.Build.0 = Release|Any CPU
		{FBAE1003-D1A8-40E1-BA99-C9978D4BF568}.AppStore|Any CPU.Deploy.0 = Release|Any CPU
		{FBAE1003-D1A8-40E1-BA99-C9978D4BF568}.AppStore|iPhone.ActiveCfg = Release|Any CPU
		{FBAE1003-D1A8-40E1-BA99-C9978D4BF568}.AppStore|iPhone.Build.0 = Release|Any CPU
		{FBAE1003-D1A8-40E1-BA99-C9978D4BF568}.AppStore|iPhone.Deploy.0 = Release|Any CPU
		{FBAE1003-D1A8-40E1-BA99-C9978D4BF568}.AppStore|iPhoneSimulator.ActiveCfg = Release|Any CPU
		{FBAE1003-D1A8-40E1-BA99-C9978D4BF568}.AppStore|iPhoneSimulator.Build.0 = Release|Any CPU
		{FBAE1003-D1A8-40E1-BA99-C9978D4BF568}.AppStore|iPhoneSimulator.Deploy.0 = Release|Any CPU
		{FBAE1003-D1A8-40E1-BA99-C9978D4BF568}.Debug|Any CPU.ActiveCfg = Debug|Any CPU
		{FBAE1003-D1A8-40E1-BA99-C9978D4BF568}.Debug|Any CPU.Build.0 = Debug|Any CPU
		{FBAE1003-D1A8-40E1-BA99-C9978D4BF568}.Debug|Any CPU.Deploy.0 = Debug|Any CPU
		{FBAE1003-D1A8-40E1-BA99-C9978D4BF568}.Debug|iPhone.ActiveCfg = Debug|Any CPU
		{FBAE1003-D1A8-40E1-BA99-C9978D4BF568}.Debug|iPhone.Build.0 = Debug|Any CPU
		{FBAE1003-D1A8-40E1-BA99-C9978D4BF568}.Debug|iPhone.Deploy.0 = Debug|Any CPU
		{FBAE1003-D1A8-40E1-BA99-C9978D4BF568}.Debug|iPhoneSimulator.ActiveCfg = Debug|Any CPU
		{FBAE1003-D1A8-40E1-BA99-C9978D4BF568}.Debug|iPhoneSimulator.Build.0 = Debug|Any CPU
		{FBAE1003-D1A8-40E1-BA99-C9978D4BF568}.Debug|iPhoneSimulator.Deploy.0 = Debug|Any CPU
		{FBAE1003-D1A8-40E1-BA99-C9978D4BF568}.Release|Any CPU.ActiveCfg = Release|Any CPU
		{FBAE1003-D1A8-40E1-BA99-C9978D4BF568}.Release|Any CPU.Build.0 = Release|Any CPU
		{FBAE1003-D1A8-40E1-BA99-C9978D4BF568}.Release|Any CPU.Deploy.0 = Release|Any CPU
		{FBAE1003-D1A8-40E1-BA99-C9978D4BF568}.Release|iPhone.ActiveCfg = Release|Any CPU
		{FBAE1003-D1A8-40E1-BA99-C9978D4BF568}.Release|iPhone.Build.0 = Release|Any CPU
		{FBAE1003-D1A8-40E1-BA99-C9978D4BF568}.Release|iPhone.Deploy.0 = Release|Any CPU
		{FBAE1003-D1A8-40E1-BA99-C9978D4BF568}.Release|iPhoneSimulator.ActiveCfg = Release|Any CPU
		{FBAE1003-D1A8-40E1-BA99-C9978D4BF568}.Release|iPhoneSimulator.Build.0 = Release|Any CPU
		{FBAE1003-D1A8-40E1-BA99-C9978D4BF568}.Release|iPhoneSimulator.Deploy.0 = Release|Any CPU
		{5B43CB35-0EB4-469B-B6C1-6CEA4D1EDE6F}.Ad-Hoc|Any CPU.ActiveCfg = Ad-Hoc|iPhone
		{5B43CB35-0EB4-469B-B6C1-6CEA4D1EDE6F}.Ad-Hoc|Any CPU.Build.0 = Ad-Hoc|iPhone
		{5B43CB35-0EB4-469B-B6C1-6CEA4D1EDE6F}.Ad-Hoc|Any CPU.Deploy.0 = Ad-Hoc|iPhone
		{5B43CB35-0EB4-469B-B6C1-6CEA4D1EDE6F}.Ad-Hoc|iPhone.ActiveCfg = Ad-Hoc|iPhone
		{5B43CB35-0EB4-469B-B6C1-6CEA4D1EDE6F}.Ad-Hoc|iPhone.Build.0 = Ad-Hoc|iPhone
		{5B43CB35-0EB4-469B-B6C1-6CEA4D1EDE6F}.Ad-Hoc|iPhone.Deploy.0 = Ad-Hoc|iPhone
		{5B43CB35-0EB4-469B-B6C1-6CEA4D1EDE6F}.Ad-Hoc|iPhoneSimulator.ActiveCfg = Ad-Hoc|iPhoneSimulator
		{5B43CB35-0EB4-469B-B6C1-6CEA4D1EDE6F}.Ad-Hoc|iPhoneSimulator.Build.0 = Ad-Hoc|iPhoneSimulator
		{5B43CB35-0EB4-469B-B6C1-6CEA4D1EDE6F}.Ad-Hoc|iPhoneSimulator.Deploy.0 = Ad-Hoc|iPhoneSimulator
		{5B43CB35-0EB4-469B-B6C1-6CEA4D1EDE6F}.AppStore|Any CPU.ActiveCfg = AppStore|iPhone
		{5B43CB35-0EB4-469B-B6C1-6CEA4D1EDE6F}.AppStore|Any CPU.Build.0 = AppStore|iPhone
		{5B43CB35-0EB4-469B-B6C1-6CEA4D1EDE6F}.AppStore|Any CPU.Deploy.0 = AppStore|iPhone
		{5B43CB35-0EB4-469B-B6C1-6CEA4D1EDE6F}.AppStore|iPhone.ActiveCfg = AppStore|iPhone
		{5B43CB35-0EB4-469B-B6C1-6CEA4D1EDE6F}.AppStore|iPhone.Build.0 = AppStore|iPhone
		{5B43CB35-0EB4-469B-B6C1-6CEA4D1EDE6F}.AppStore|iPhone.Deploy.0 = AppStore|iPhone
		{5B43CB35-0EB4-469B-B6C1-6CEA4D1EDE6F}.AppStore|iPhoneSimulator.ActiveCfg = AppStore|iPhoneSimulator
		{5B43CB35-0EB4-469B-B6C1-6CEA4D1EDE6F}.AppStore|iPhoneSimulator.Build.0 = AppStore|iPhoneSimulator
		{5B43CB35-0EB4-469B-B6C1-6CEA4D1EDE6F}.AppStore|iPhoneSimulator.Deploy.0 = AppStore|iPhoneSimulator
		{5B43CB35-0EB4-469B-B6C1-6CEA4D1EDE6F}.Debug|Any CPU.ActiveCfg = Debug|iPhoneSimulator
		{5B43CB35-0EB4-469B-B6C1-6CEA4D1EDE6F}.Debug|Any CPU.Build.0 = Debug|iPhoneSimulator
		{5B43CB35-0EB4-469B-B6C1-6CEA4D1EDE6F}.Debug|Any CPU.Deploy.0 = Debug|iPhoneSimulator
		{5B43CB35-0EB4-469B-B6C1-6CEA4D1EDE6F}.Debug|iPhone.ActiveCfg = Debug|iPhone
		{5B43CB35-0EB4-469B-B6C1-6CEA4D1EDE6F}.Debug|iPhone.Build.0 = Debug|iPhone
		{5B43CB35-0EB4-469B-B6C1-6CEA4D1EDE6F}.Debug|iPhone.Deploy.0 = Debug|iPhone
		{5B43CB35-0EB4-469B-B6C1-6CEA4D1EDE6F}.Debug|iPhoneSimulator.ActiveCfg = Debug|iPhoneSimulator
		{5B43CB35-0EB4-469B-B6C1-6CEA4D1EDE6F}.Debug|iPhoneSimulator.Build.0 = Debug|iPhoneSimulator
		{5B43CB35-0EB4-469B-B6C1-6CEA4D1EDE6F}.Debug|iPhoneSimulator.Deploy.0 = Debug|iPhoneSimulator
		{5B43CB35-0EB4-469B-B6C1-6CEA4D1EDE6F}.Release|Any CPU.ActiveCfg = Release|iPhone
		{5B43CB35-0EB4-469B-B6C1-6CEA4D1EDE6F}.Release|Any CPU.Build.0 = Release|iPhone
		{5B43CB35-0EB4-469B-B6C1-6CEA4D1EDE6F}.Release|Any CPU.Deploy.0 = Release|iPhone
		{5B43CB35-0EB4-469B-B6C1-6CEA4D1EDE6F}.Release|iPhone.ActiveCfg = Release|iPhone
		{5B43CB35-0EB4-469B-B6C1-6CEA4D1EDE6F}.Release|iPhone.Build.0 = Release|iPhone
		{5B43CB35-0EB4-469B-B6C1-6CEA4D1EDE6F}.Release|iPhone.Deploy.0 = Release|iPhone
		{5B43CB35-0EB4-469B-B6C1-6CEA4D1EDE6F}.Release|iPhoneSimulator.ActiveCfg = Release|iPhoneSimulator
		{5B43CB35-0EB4-469B-B6C1-6CEA4D1EDE6F}.Release|iPhoneSimulator.Build.0 = Release|iPhoneSimulator
		{5B43CB35-0EB4-469B-B6C1-6CEA4D1EDE6F}.Release|iPhoneSimulator.Deploy.0 = Release|iPhoneSimulator
		{FE10BCEF-EDAD-4095-A14F-54F65BDD56CE}.Ad-Hoc|Any CPU.ActiveCfg = Debug|Any CPU
		{FE10BCEF-EDAD-4095-A14F-54F65BDD56CE}.Ad-Hoc|Any CPU.Build.0 = Debug|Any CPU
		{FE10BCEF-EDAD-4095-A14F-54F65BDD56CE}.Ad-Hoc|Any CPU.Deploy.0 = Debug|Any CPU
		{FE10BCEF-EDAD-4095-A14F-54F65BDD56CE}.Ad-Hoc|iPhone.ActiveCfg = Debug|Any CPU
		{FE10BCEF-EDAD-4095-A14F-54F65BDD56CE}.Ad-Hoc|iPhone.Build.0 = Debug|Any CPU
		{FE10BCEF-EDAD-4095-A14F-54F65BDD56CE}.Ad-Hoc|iPhone.Deploy.0 = Debug|Any CPU
		{FE10BCEF-EDAD-4095-A14F-54F65BDD56CE}.Ad-Hoc|iPhoneSimulator.ActiveCfg = Debug|Any CPU
		{FE10BCEF-EDAD-4095-A14F-54F65BDD56CE}.Ad-Hoc|iPhoneSimulator.Build.0 = Debug|Any CPU
		{FE10BCEF-EDAD-4095-A14F-54F65BDD56CE}.Ad-Hoc|iPhoneSimulator.Deploy.0 = Debug|Any CPU
		{FE10BCEF-EDAD-4095-A14F-54F65BDD56CE}.AppStore|Any CPU.ActiveCfg = Debug|Any CPU
		{FE10BCEF-EDAD-4095-A14F-54F65BDD56CE}.AppStore|Any CPU.Build.0 = Debug|Any CPU
		{FE10BCEF-EDAD-4095-A14F-54F65BDD56CE}.AppStore|Any CPU.Deploy.0 = Debug|Any CPU
		{FE10BCEF-EDAD-4095-A14F-54F65BDD56CE}.AppStore|iPhone.ActiveCfg = Debug|Any CPU
		{FE10BCEF-EDAD-4095-A14F-54F65BDD56CE}.AppStore|iPhone.Build.0 = Debug|Any CPU
		{FE10BCEF-EDAD-4095-A14F-54F65BDD56CE}.AppStore|iPhone.Deploy.0 = Debug|Any CPU
		{FE10BCEF-EDAD-4095-A14F-54F65BDD56CE}.AppStore|iPhoneSimulator.ActiveCfg = Debug|Any CPU
		{FE10BCEF-EDAD-4095-A14F-54F65BDD56CE}.AppStore|iPhoneSimulator.Build.0 = Debug|Any CPU
		{FE10BCEF-EDAD-4095-A14F-54F65BDD56CE}.AppStore|iPhoneSimulator.Deploy.0 = Debug|Any CPU
		{FE10BCEF-EDAD-4095-A14F-54F65BDD56CE}.Debug|Any CPU.ActiveCfg = Debug|Any CPU
		{FE10BCEF-EDAD-4095-A14F-54F65BDD56CE}.Debug|Any CPU.Build.0 = Debug|Any CPU
		{FE10BCEF-EDAD-4095-A14F-54F65BDD56CE}.Debug|Any CPU.Deploy.0 = Debug|Any CPU
		{FE10BCEF-EDAD-4095-A14F-54F65BDD56CE}.Debug|iPhone.ActiveCfg = Debug|Any CPU
		{FE10BCEF-EDAD-4095-A14F-54F65BDD56CE}.Debug|iPhone.Build.0 = Debug|Any CPU
		{FE10BCEF-EDAD-4095-A14F-54F65BDD56CE}.Debug|iPhone.Deploy.0 = Debug|Any CPU
		{FE10BCEF-EDAD-4095-A14F-54F65BDD56CE}.Debug|iPhoneSimulator.ActiveCfg = Debug|Any CPU
		{FE10BCEF-EDAD-4095-A14F-54F65BDD56CE}.Debug|iPhoneSimulator.Build.0 = Debug|Any CPU
		{FE10BCEF-EDAD-4095-A14F-54F65BDD56CE}.Debug|iPhoneSimulator.Deploy.0 = Debug|Any CPU
		{FE10BCEF-EDAD-4095-A14F-54F65BDD56CE}.Release|Any CPU.ActiveCfg = Release|Any CPU
		{FE10BCEF-EDAD-4095-A14F-54F65BDD56CE}.Release|Any CPU.Build.0 = Release|Any CPU
		{FE10BCEF-EDAD-4095-A14F-54F65BDD56CE}.Release|Any CPU.Deploy.0 = Release|Any CPU
		{FE10BCEF-EDAD-4095-A14F-54F65BDD56CE}.Release|iPhone.ActiveCfg = Release|Any CPU
		{FE10BCEF-EDAD-4095-A14F-54F65BDD56CE}.Release|iPhone.Build.0 = Release|Any CPU
		{FE10BCEF-EDAD-4095-A14F-54F65BDD56CE}.Release|iPhone.Deploy.0 = Release|Any CPU
		{FE10BCEF-EDAD-4095-A14F-54F65BDD56CE}.Release|iPhoneSimulator.ActiveCfg = Release|Any CPU
		{FE10BCEF-EDAD-4095-A14F-54F65BDD56CE}.Release|iPhoneSimulator.Build.0 = Release|Any CPU
		{FE10BCEF-EDAD-4095-A14F-54F65BDD56CE}.Release|iPhoneSimulator.Deploy.0 = Release|Any CPU
	EndGlobalSection
	GlobalSection(SolutionProperties) = preSolution
		HideSolutionNode = FALSE
	EndGlobalSection
	GlobalSection(ExtensibilityGlobals) = postSolution
		SolutionGuid = {AECFD21D-9DF8-4C8C-8073-71870CDB52EB}
	EndGlobalSection
EndGlobal
